
Microsoft Visual Studio Solution File, Format Version 12.00
# Visual Studio Version 16
VisualStudioVersion = 16.0.31702.278
MinimumVisualStudioVersion = 10.0.40219.1
Project("{FAE04EC0-301F-11D3-BF4B-00C04F79EFBC}") = "InAndOut", "InAndOut\InAndOut.csproj", "{F101675B-4D42-4897-BE67-123553FD6792}"
EndProject
Global
	GlobalSection(SolutionConfigurationPlatforms) = preSolution
		Debug|Any CPU = Debug|Any CPU
		Release|Any CPU = Release|Any CPU
	EndGlobalSection
	GlobalSection(ProjectConfigurationPlatforms) = postSolution
		{F101675B-4D42-4897-BE67-123553FD6792}.Debug|Any CPU.ActiveCfg = Debug|Any CPU
		{F101675B-4D42-4897-BE67-123553FD6792}.Debug|Any CPU.Build.0 = Debug|Any CPU
		{F101675B-4D42-4897-BE67-123553FD6792}.Release|Any CPU.ActiveCfg = Release|Any CPU
		{F101675B-4D42-4897-BE67-123553FD6792}.Release|Any CPU.Build.0 = Release|Any CPU
	EndGlobalSection
	GlobalSection(SolutionProperties) = preSolution
		HideSolutionNode = FALSE
	EndGlobalSection
	GlobalSection(ExtensibilityGlobals) = postSolution
		SolutionGuid = {7AC13787-E9E6-406F-8045-E53D072E90DA}
	EndGlobalSection
EndGlobal
